{
    "_readme": [
        "This file locks the dependencies of your project to a known state",
        "Read more about it at https://getcomposer.org/doc/01-basic-usage.md#installing-dependencies",
        "This file is @generated automatically"
    ],
    "content-hash": "3c95a559462f17555bdd5ea2ccb3d133",
    "packages": [
        {
            "name": "doctrine/annotations",
            "version": "1.13.2",
            "source": {
                "type": "git",
                "url": "https://github.com/doctrine/annotations.git",
                "reference": "5b668aef16090008790395c02c893b1ba13f7e08"
            },
            "dist": {
                "type": "zip",
                "url": "https://api.github.com/repos/doctrine/annotations/zipball/5b668aef16090008790395c02c893b1ba13f7e08",
                "reference": "5b668aef16090008790395c02c893b1ba13f7e08",
                "shasum": ""
            },
            "require": {
                "doctrine/lexer": "1.*",
                "ext-tokenizer": "*",
                "php": "^7.1 || ^8.0",
                "psr/cache": "^1 || ^2 || ^3"
            },
            "require-dev": {
                "doctrine/cache": "^1.11 || ^2.0",
                "doctrine/coding-standard": "^6.0 || ^8.1",
                "phpstan/phpstan": "^0.12.20",
                "phpunit/phpunit": "^7.5 || ^8.0 || ^9.1.5",
                "symfony/cache": "^4.4 || ^5.2"
            },
            "type": "library",
            "autoload": {
                "psr-4": {
                    "Doctrine\\Common\\Annotations\\": "lib/Doctrine/Common/Annotations"
                }
            },
            "notification-url": "https://packagist.org/downloads/",
            "license": [
                "MIT"
            ],
            "authors": [
                {
                    "name": "Guilherme Blanco",
                    "email": "guilhermeblanco@gmail.com"
                },
                {
                    "name": "Roman Borschel",
                    "email": "roman@code-factory.org"
                },
                {
                    "name": "Benjamin Eberlei",
                    "email": "kontakt@beberlei.de"
                },
                {
                    "name": "Jonathan Wage",
                    "email": "jonwage@gmail.com"
                },
                {
                    "name": "Johannes Schmitt",
                    "email": "schmittjoh@gmail.com"
                }
            ],
            "description": "Docblock Annotations Parser",
            "homepage": "https://www.doctrine-project.org/projects/annotations.html",
            "keywords": [
                "annotations",
                "docblock",
                "parser"
            ],
            "support": {
                "issues": "https://github.com/doctrine/annotations/issues",
                "source": "https://github.com/doctrine/annotations/tree/1.13.2"
            },
            "time": "2021-08-05T19:00:23+00:00"
        },
        {
            "name": "doctrine/cache",
            "version": "2.2.0",
            "source": {
                "type": "git",
                "url": "https://github.com/doctrine/cache.git",
                "reference": "1ca8f21980e770095a31456042471a57bc4c68fb"
            },
            "dist": {
                "type": "zip",
                "url": "https://api.github.com/repos/doctrine/cache/zipball/1ca8f21980e770095a31456042471a57bc4c68fb",
                "reference": "1ca8f21980e770095a31456042471a57bc4c68fb",
                "shasum": ""
            },
            "require": {
                "php": "~7.1 || ^8.0"
            },
            "conflict": {
                "doctrine/common": ">2.2,<2.4"
            },
            "require-dev": {
                "cache/integration-tests": "dev-master",
                "doctrine/coding-standard": "^9",
                "phpunit/phpunit": "^7.5 || ^8.5 || ^9.5",
                "psr/cache": "^1.0 || ^2.0 || ^3.0",
                "symfony/cache": "^4.4 || ^5.4 || ^6",
                "symfony/var-exporter": "^4.4 || ^5.4 || ^6"
            },
            "type": "library",
            "autoload": {
                "psr-4": {
                    "Doctrine\\Common\\Cache\\": "lib/Doctrine/Common/Cache"
                }
            },
            "notification-url": "https://packagist.org/downloads/",
            "license": [
                "MIT"
            ],
            "authors": [
                {
                    "name": "Guilherme Blanco",
                    "email": "guilhermeblanco@gmail.com"
                },
                {
                    "name": "Roman Borschel",
                    "email": "roman@code-factory.org"
                },
                {
                    "name": "Benjamin Eberlei",
                    "email": "kontakt@beberlei.de"
                },
                {
                    "name": "Jonathan Wage",
                    "email": "jonwage@gmail.com"
                },
                {
                    "name": "Johannes Schmitt",
                    "email": "schmittjoh@gmail.com"
                }
            ],
            "description": "PHP Doctrine Cache library is a popular cache implementation that supports many different drivers such as redis, memcache, apc, mongodb and others.",
            "homepage": "https://www.doctrine-project.org/projects/cache.html",
            "keywords": [
                "abstraction",
                "apcu",
                "cache",
                "caching",
                "couchdb",
                "memcached",
                "php",
                "redis",
                "xcache"
            ],
            "support": {
                "issues": "https://github.com/doctrine/cache/issues",
                "source": "https://github.com/doctrine/cache/tree/2.2.0"
            },
            "funding": [
                {
                    "url": "https://www.doctrine-project.org/sponsorship.html",
                    "type": "custom"
                },
                {
                    "url": "https://www.patreon.com/phpdoctrine",
                    "type": "patreon"
                },
                {
                    "url": "https://tidelift.com/funding/github/packagist/doctrine%2Fcache",
                    "type": "tidelift"
                }
            ],
            "time": "2022-05-20T20:07:39+00:00"
        },
        {
            "name": "doctrine/lexer",
            "version": "1.2.3",
            "source": {
                "type": "git",
                "url": "https://github.com/doctrine/lexer.git",
                "reference": "c268e882d4dbdd85e36e4ad69e02dc284f89d229"
            },
            "dist": {
                "type": "zip",
                "url": "https://api.github.com/repos/doctrine/lexer/zipball/c268e882d4dbdd85e36e4ad69e02dc284f89d229",
                "reference": "c268e882d4dbdd85e36e4ad69e02dc284f89d229",
                "shasum": ""
            },
            "require": {
                "php": "^7.1 || ^8.0"
            },
            "require-dev": {
                "doctrine/coding-standard": "^9.0",
                "phpstan/phpstan": "^1.3",
                "phpunit/phpunit": "^7.5 || ^8.5 || ^9.5",
                "vimeo/psalm": "^4.11"
            },
            "type": "library",
            "autoload": {
                "psr-4": {
                    "Doctrine\\Common\\Lexer\\": "lib/Doctrine/Common/Lexer"
                }
            },
            "notification-url": "https://packagist.org/downloads/",
            "license": [
                "MIT"
            ],
            "authors": [
                {
                    "name": "Guilherme Blanco",
                    "email": "guilhermeblanco@gmail.com"
                },
                {
                    "name": "Roman Borschel",
                    "email": "roman@code-factory.org"
                },
                {
                    "name": "Johannes Schmitt",
                    "email": "schmittjoh@gmail.com"
                }
            ],
            "description": "PHP Doctrine Lexer parser library that can be used in Top-Down, Recursive Descent Parsers.",
            "homepage": "https://www.doctrine-project.org/projects/lexer.html",
            "keywords": [
                "annotations",
                "docblock",
                "lexer",
                "parser",
                "php"
            ],
            "support": {
                "issues": "https://github.com/doctrine/lexer/issues",
                "source": "https://github.com/doctrine/lexer/tree/1.2.3"
            },
            "funding": [
                {
                    "url": "https://www.doctrine-project.org/sponsorship.html",
                    "type": "custom"
                },
                {
                    "url": "https://www.patreon.com/phpdoctrine",
                    "type": "patreon"
                },
                {
                    "url": "https://tidelift.com/funding/github/packagist/doctrine%2Flexer",
                    "type": "tidelift"
                }
            ],
            "time": "2022-02-28T11:07:21+00:00"
        },
        {
            "name": "koriym/attributes",
            "version": "1.0.4",
            "source": {
                "type": "git",
                "url": "https://github.com/koriym/Koriym.Attributes.git",
                "reference": "c64c79d582a935b1eea0675032757a0621a2540e"
            },
            "dist": {
                "type": "zip",
                "url": "https://api.github.com/repos/koriym/Koriym.Attributes/zipball/c64c79d582a935b1eea0675032757a0621a2540e",
                "reference": "c64c79d582a935b1eea0675032757a0621a2540e",
                "shasum": ""
            },
            "require": {
                "doctrine/annotations": "^1.11",
                "php": "^7.2 || ^8.0"
            },
            "require-dev": {
                "bamarni/composer-bin-plugin": "^1.4",
                "ext-pdo": "*",
                "phpunit/phpunit": "^8.5.24 | ^9.5"
            },
            "suggest": {
                "koriym/param-reader": "An attribute/annotation reader for parameters"
            },
            "type": "library",
            "autoload": {
                "psr-4": {
                    "Koriym\\Attributes\\": "src"
                }
            },
            "notification-url": "https://packagist.org/downloads/",
            "license": [
                "MIT"
            ],
            "authors": [
                {
                    "name": "Akihito Koriyama",
                    "email": "akihito.koriyama@gmail.com"
                }
            ],
            "description": "An annotation/attribute reader",
            "keywords": [
                "annotation",
                "attribute"
            ],
            "support": {
                "issues": "https://github.com/koriym/Koriym.Attributes/issues",
                "source": "https://github.com/koriym/Koriym.Attributes/tree/1.0.4"
            },
            "time": "2022-03-09T07:52:32+00:00"
        },
        {
            "name": "koriym/null-object",
            "version": "1.0.0",
            "source": {
                "type": "git",
                "url": "https://github.com/koriym/Koriym.NullObject.git",
                "reference": "94d51ab4caee7128b3f36a4658898e483a1ce4a7"
            },
            "dist": {
                "type": "zip",
                "url": "https://api.github.com/repos/koriym/Koriym.NullObject/zipball/94d51ab4caee7128b3f36a4658898e483a1ce4a7",
                "reference": "94d51ab4caee7128b3f36a4658898e483a1ce4a7",
                "shasum": ""
            },
            "require": {
                "php": "^7.2 || ^8.0"
            },
            "require-dev": {
                "bamarni/composer-bin-plugin": "^1.4",
                "doctrine/annotations": "^1.11",
                "phpunit/phpunit": "^9.5"
            },
            "type": "library",
            "autoload": {
                "files": [
                    "autoload.php"
                ],
                "psr-4": {
                    "Koriym\\NullObject\\": "src/"
                }
            },
            "notification-url": "https://packagist.org/downloads/",
            "license": [
                "MIT"
            ],
            "authors": [
                {
                    "name": "Akihito Koriyama",
                    "email": "akihito.koriyama@gmail.com"
                }
            ],
            "description": "Null object generator",
            "support": {
                "issues": "https://github.com/koriym/Koriym.NullObject/issues",
                "source": "https://github.com/koriym/Koriym.NullObject/tree/1.0.0"
            },
            "time": "2021-08-13T09:04:28+00:00"
        },
        {
            "name": "koriym/param-reader",
            "version": "1.0.0",
            "source": {
                "type": "git",
                "url": "https://github.com/koriym/Koriym.ParamReader.git",
                "reference": "ac434dd03f4866bd3a4b96f7d9614b78bb4dd683"
            },
            "dist": {
                "type": "zip",
                "url": "https://api.github.com/repos/koriym/Koriym.ParamReader/zipball/ac434dd03f4866bd3a4b96f7d9614b78bb4dd683",
                "reference": "ac434dd03f4866bd3a4b96f7d9614b78bb4dd683",
                "shasum": ""
            },
            "require": {
                "doctrine/annotations": "^1.13",
                "php": "^7.2 || ^8.0"
            },
            "require-dev": {
                "bamarni/composer-bin-plugin": "^1.4",
                "phpunit/phpunit": "^8.5.24"
            },
            "suggest": {
                "koriym/attributes": "doctrine/annotation Reader interface in order to read both doctrine/annotation and PHP 8 attributes."
            },
            "type": "library",
            "autoload": {
                "psr-4": {
                    "Koriym\\ParamReader\\": "src/"
                }
            },
            "notification-url": "https://packagist.org/downloads/",
            "license": [
                "MIT"
            ],
            "authors": [
                {
                    "name": "Akihito Koriyama",
                    "email": "akihito.koriyama@gmail.com"
                }
            ],
            "description": "An annotation/attribute reader for method parameter",
            "support": {
                "issues": "https://github.com/koriym/Koriym.ParamReader/issues",
                "source": "https://github.com/koriym/Koriym.ParamReader/tree/1.0.0"
            },
            "time": "2022-03-07T12:57:35+00:00"
        },
        {
            "name": "koriym/printo",
            "version": "1.0.1",
            "source": {
                "type": "git",
                "url": "https://github.com/koriym/print_o.git",
                "reference": "d969e4cc738a376d479c2125e7d62be88cfa9dbe"
            },
            "dist": {
                "type": "zip",
                "url": "https://api.github.com/repos/koriym/print_o/zipball/d969e4cc738a376d479c2125e7d62be88cfa9dbe",
                "reference": "d969e4cc738a376d479c2125e7d62be88cfa9dbe",
                "shasum": ""
            },
            "require": {
                "php": ">=5.4.0"
            },
            "type": "library",
            "extra": {
                "branch-alias": {
                    "dev-master": "1.0.x-dev"
                }
            },
            "autoload": {
                "files": [
                    "src/print_o.php"
                ],
                "psr-4": {
                    "Koriym\\Printo\\": "src/"
                }
            },
            "notification-url": "https://packagist.org/downloads/",
            "license": [
                "BSD-3-Clause"
            ],
            "authors": [
                {
                    "name": "Akihito Koriyama",
                    "email": "akihito.koriyama@gmail.com",
                    "homepage": "https://github.com/koriym"
                }
            ],
            "description": "An object graph visualizer.",
            "homepage": "https://github.com/koriym/print_o",
            "keywords": [
                "debug",
                "var_dump"
            ],
            "support": {
                "issues": "https://github.com/koriym/print_o/issues",
                "source": "https://github.com/koriym/print_o/tree/develop"
            },
            "time": "2015-02-13T19:04:21+00:00"
        },
        {
            "name": "nikic/php-parser",
            "version": "v4.14.0",
            "source": {
                "type": "git",
                "url": "https://github.com/nikic/PHP-Parser.git",
                "reference": "34bea19b6e03d8153165d8f30bba4c3be86184c1"
            },
            "dist": {
                "type": "zip",
                "url": "https://api.github.com/repos/nikic/PHP-Parser/zipball/34bea19b6e03d8153165d8f30bba4c3be86184c1",
                "reference": "34bea19b6e03d8153165d8f30bba4c3be86184c1",
                "shasum": ""
            },
            "require": {
                "ext-tokenizer": "*",
                "php": ">=7.0"
            },
            "require-dev": {
                "ircmaxell/php-yacc": "^0.0.7",
                "phpunit/phpunit": "^6.5 || ^7.0 || ^8.0 || ^9.0"
            },
            "bin": [
                "bin/php-parse"
            ],
            "type": "library",
            "extra": {
                "branch-alias": {
                    "dev-master": "4.9-dev"
                }
            },
            "autoload": {
                "psr-4": {
                    "PhpParser\\": "lib/PhpParser"
                }
            },
            "notification-url": "https://packagist.org/downloads/",
            "license": [
                "BSD-3-Clause"
            ],
            "authors": [
                {
                    "name": "Nikita Popov"
                }
            ],
            "description": "A PHP parser written in PHP",
            "keywords": [
                "parser",
                "php"
            ],
            "support": {
                "issues": "https://github.com/nikic/PHP-Parser/issues",
                "source": "https://github.com/nikic/PHP-Parser/tree/v4.14.0"
            },
            "time": "2022-05-31T20:59:12+00:00"
        },
        {
            "name": "psr/cache",
            "version": "3.0.0",
            "source": {
                "type": "git",
                "url": "https://github.com/php-fig/cache.git",
                "reference": "aa5030cfa5405eccfdcb1083ce040c2cb8d253bf"
            },
            "dist": {
                "type": "zip",
                "url": "https://api.github.com/repos/php-fig/cache/zipball/aa5030cfa5405eccfdcb1083ce040c2cb8d253bf",
                "reference": "aa5030cfa5405eccfdcb1083ce040c2cb8d253bf",
                "shasum": ""
            },
            "require": {
                "php": ">=8.0.0"
            },
            "type": "library",
            "extra": {
                "branch-alias": {
                    "dev-master": "1.0.x-dev"
                }
            },
            "autoload": {
                "psr-4": {
                    "Psr\\Cache\\": "src/"
                }
            },
            "notification-url": "https://packagist.org/downloads/",
            "license": [
                "MIT"
            ],
            "authors": [
                {
                    "name": "PHP-FIG",
                    "homepage": "https://www.php-fig.org/"
                }
            ],
            "description": "Common interface for caching libraries",
            "keywords": [
                "cache",
                "psr",
                "psr-6"
            ],
            "support": {
                "source": "https://github.com/php-fig/cache/tree/3.0.0"
            },
            "time": "2021-02-03T23:26:27+00:00"
        },
        {
            "name": "ray/aop",
            "version": "2.12.2",
            "source": {
                "type": "git",
                "url": "https://github.com/ray-di/Ray.Aop.git",
                "reference": "2e2fdb27319441f5a65eb276b217686776073ae5"
            },
            "dist": {
                "type": "zip",
                "url": "https://api.github.com/repos/ray-di/Ray.Aop/zipball/2e2fdb27319441f5a65eb276b217686776073ae5",
                "reference": "2e2fdb27319441f5a65eb276b217686776073ae5",
                "shasum": ""
            },
            "require": {
                "doctrine/annotations": "^1.12",
                "koriym/attributes": "^1.0.3",
                "nikic/php-parser": "^v4.12",
                "php": "^7.2 || ^8.0"
            },
            "require-dev": {
                "bamarni/composer-bin-plugin": "^1.4.1",
                "phpunit/phpunit": "^8.5.23 || ^9.5.10"
            },
            "suggest": {
                "ray/di": "A dependency injection framework"
            },
            "type": "library",
            "autoload": {
                "files": [
                    "annotation_loader.php"
                ],
                "psr-4": {
                    "Ray\\Aop\\": [
                        "src/"
                    ],
                    "Ray\\ServiceLocator\\": [
                        "sl-src/"
                    ]
                }
            },
            "notification-url": "https://packagist.org/downloads/",
            "license": [
                "MIT"
            ],
            "authors": [
                {
                    "name": "Akihito Koriyama",
                    "email": "akihito.koriyama@gmail.com"
                }
            ],
            "description": "An aspect oriented framework",
            "keywords": [
                "aop"
            ],
            "support": {
                "issues": "https://github.com/ray-di/Ray.Aop/issues",
                "source": "https://github.com/ray-di/Ray.Aop/tree/2.12.2"
            },
            "funding": [
                {
                    "url": "https://github.com/koriym",
                    "type": "github"
                },
                {
                    "url": "https://tidelift.com/funding/github/packagist/ray/aop",
                    "type": "tidelift"
                }
            ],
            "time": "2022-03-09T08:29:23+00:00"
        },
        {
            "name": "ray/compiler",
            "version": "1.8.0",
            "source": {
                "type": "git",
                "url": "https://github.com/ray-di/Ray.Compiler.git",
                "reference": "c180fa7976089de08e2169ca1ba19a4d6d8d19cb"
            },
            "dist": {
                "type": "zip",
                "url": "https://api.github.com/repos/ray-di/Ray.Compiler/zipball/c180fa7976089de08e2169ca1ba19a4d6d8d19cb",
                "reference": "c180fa7976089de08e2169ca1ba19a4d6d8d19cb",
                "shasum": ""
            },
            "require": {
                "doctrine/annotations": "^1.12",
                "doctrine/cache": "^1.10 | ^2.1",
                "koriym/attributes": "^1.0",
                "koriym/null-object": "^1.0",
                "koriym/printo": "^1.0",
                "nikic/php-parser": "^4.5",
                "php": "^7.2 || ^8.0",
                "ray/aop": "^2.10"
            },
            "require-dev": {
                "bamarni/composer-bin-plugin": "^1.4",
                "doctrine/cache": "^1.10",
                "ext-pdo": "*",
                "phpunit/phpunit": "^8.5.24 || ^9.5",
                "ray/di": "^2.x-dev"
            },
            "type": "library",
            "autoload": {
                "psr-4": {
                    "Ray\\Compiler\\": [
                        "src"
                    ]
                }
            },
            "notification-url": "https://packagist.org/downloads/",
            "license": [
                "MIT"
            ],
            "authors": [
                {
                    "name": "Akihito Koriyama",
                    "email": "akihito.koriyama@gmail.com"
                }
            ],
            "description": "A dependency injection compiler for Ray.Di",
            "keywords": [
                "codegen",
                "di",
                "src"
            ],
            "support": {
                "issues": "https://github.com/ray-di/Ray.Compiler/issues",
                "source": "https://github.com/ray-di/Ray.Compiler/tree/1.8.0"
            },
            "time": "2022-05-22T22:53:25+00:00"
        },
        {
            "name": "ray/di",
            "version": "2.14.1",
            "source": {
                "type": "git",
                "url": "https://github.com/ray-di/Ray.Di.git",
                "reference": "a318795ccc244259a201cfabcee99e5d9ed3f612"
            },
            "dist": {
                "type": "zip",
                "url": "https://api.github.com/repos/ray-di/Ray.Di/zipball/a318795ccc244259a201cfabcee99e5d9ed3f612",
                "reference": "a318795ccc244259a201cfabcee99e5d9ed3f612",
                "shasum": ""
            },
            "require": {
                "doctrine/annotations": "^1.12",
                "doctrine/cache": "^1.10 | ^2.1",
                "koriym/attributes": "^1.0.4",
                "koriym/null-object": "^1.0",
                "koriym/param-reader": "^1.0",
                "koriym/printo": "^1.0",
                "nikic/php-parser": "^4.13",
                "php": "^7.2 || ^8.0",
                "ray/aop": "^2.10",
                "ray/compiler": "^1.7"
            },
            "require-dev": {
                "bamarni/composer-bin-plugin": "^1.4",
                "ext-pdo": "*",
                "phpunit/phpunit": "^8.5.24 || ^9.5"
            },
            "type": "library",
            "autoload": {
                "psr-4": {
                    "Ray\\Di\\": [
                        "src/di",
                        "src-deprecated/di"
                    ]
                }
            },
            "notification-url": "https://packagist.org/downloads/",
            "license": [
                "MIT"
            ],
            "authors": [
                {
                    "name": "Akihito Koriyama",
                    "email": "akihito.koriyama@gmail.com"
                }
            ],
            "description": "Guice style dependency injection framework",
            "keywords": [
                "aop",
                "di"
            ],
            "support": {
                "issues": "https://github.com/ray-di/Ray.Di/issues",
                "source": "https://github.com/ray-di/Ray.Di/tree/2.14.1"
            },
            "time": "2022-03-23T23:41:58+00:00"
        }
    ],
    "packages-dev": [],
    "aliases": [],
    "minimum-stability": "stable",
    "stability-flags": [],
    "prefer-stable": false,
    "prefer-lowest": false,
    "platform": [],
    "platform-dev": [],
    "plugin-api-version": "2.3.0"
}
